// !$*UTF8*$!
{
	archiveVersion = 1;
	classes = {
	};
	objectVersion = 56;
	objects = {

/* Begin PBXBuildFile section */
		2B0F1C552909EE150036DB1D /* PawsApp.swift in Sources */ = {isa = PBXBuildFile; fileRef = 2B0F1C542909EE150036DB1D /* PawsApp.swift */; };
		2B0F1C592909EE160036DB1D /* Assets.xcassets in Resources */ = {isa = PBXBuildFile; fileRef = 2B0F1C582909EE160036DB1D /* Assets.xcassets */; };
		2B0F1C5C2909EE160036DB1D /* Preview Assets.xcassets in Resources */ = {isa = PBXBuildFile; fileRef = 2B0F1C5B2909EE160036DB1D /* Preview Assets.xcassets */; };
		2B0F1C892909F5B70036DB1D /* AppViewModel.swift in Sources */ = {isa = PBXBuildFile; fileRef = 2B0F1C692909F5B50036DB1D /* AppViewModel.swift */; };
		2B0F1C8A2909F5B70036DB1D /* FocusField.swift in Sources */ = {isa = PBXBuildFile; fileRef = 2B0F1C6B2909F5B50036DB1D /* FocusField.swift */; };
		2B0F1C8B2909F5B70036DB1D /* Color+Custom.swift in Sources */ = {isa = PBXBuildFile; fileRef = 2B0F1C6D2909F5B50036DB1D /* Color+Custom.swift */; };
		2B0F1C8C2909F5B70036DB1D /* SecondaryTextView.swift in Sources */ = {isa = PBXBuildFile; fileRef = 2B0F1C6F2909F5B50036DB1D /* SecondaryTextView.swift */; };
		2B0F1C8D2909F5B70036DB1D /* TextFieldView.swift in Sources */ = {isa = PBXBuildFile; fileRef = 2B0F1C702909F5B50036DB1D /* TextFieldView.swift */; };
		2B0F1C8E2909F5B70036DB1D /* PrimaryTextView.swift in Sources */ = {isa = PBXBuildFile; fileRef = 2B0F1C712909F5B50036DB1D /* PrimaryTextView.swift */; };
		2B0F1C8F2909F5B70036DB1D /* BottomLinkView.swift in Sources */ = {isa = PBXBuildFile; fileRef = 2B0F1C722909F5B50036DB1D /* BottomLinkView.swift */; };
		2B0F1C902909F5B70036DB1D /* LogoView.swift in Sources */ = {isa = PBXBuildFile; fileRef = 2B0F1C732909F5B50036DB1D /* LogoView.swift */; };
		2B0F1C912909F5B70036DB1D /* SecureFieldView.swift in Sources */ = {isa = PBXBuildFile; fileRef = 2B0F1C742909F5B50036DB1D /* SecureFieldView.swift */; };
		2B0F1C922909F5B70036DB1D /* PrimaryButtonView.swift in Sources */ = {isa = PBXBuildFile; fileRef = 2B0F1C752909F5B50036DB1D /* PrimaryButtonView.swift */; };
		2B0F1C932909F5B70036DB1D /* HomeScreen.swift in Sources */ = {isa = PBXBuildFile; fileRef = 2B0F1C782909F5B50036DB1D /* HomeScreen.swift */; };
		2B0F1C942909F5B70036DB1D /* RegisterScreen.swift in Sources */ = {isa = PBXBuildFile; fileRef = 2B0F1C7A2909F5B50036DB1D /* RegisterScreen.swift */; };
		2B0F1C952909F5B70036DB1D /* LoginScreen.swift in Sources */ = {isa = PBXBuildFile; fileRef = 2B0F1C7C2909F5B50036DB1D /* LoginScreen.swift */; };
		2B0F1C962909F5B70036DB1D /* OnboadingViewModel.swift in Sources */ = {isa = PBXBuildFile; fileRef = 2B0F1C7F2909F5B50036DB1D /* OnboadingViewModel.swift */; };
		2B0F1C972909F5B70036DB1D /* OnboardingScreen.swift in Sources */ = {isa = PBXBuildFile; fileRef = 2B0F1C812909F5B50036DB1D /* OnboardingScreen.swift */; };
		2B0F1C982909F5B70036DB1D /* WelcomeScreen.swift in Sources */ = {isa = PBXBuildFile; fileRef = 2B0F1C822909F5B50036DB1D /* WelcomeScreen.swift */; };
		2B0F1C992909F5B70036DB1D /* DogView.swift in Sources */ = {isa = PBXBuildFile; fileRef = 2B0F1C842909F5B50036DB1D /* DogView.swift */; };
		2B0F1C9A2909F5B70036DB1D /* ThirdPageView.swift in Sources */ = {isa = PBXBuildFile; fileRef = 2B0F1C852909F5B50036DB1D /* ThirdPageView.swift */; };
		2B0F1C9B2909F5B70036DB1D /* FirstPageView.swift in Sources */ = {isa = PBXBuildFile; fileRef = 2B0F1C862909F5B50036DB1D /* FirstPageView.swift */; };
		2B0F1C9C2909F5B70036DB1D /* SecondPageView.swift in Sources */ = {isa = PBXBuildFile; fileRef = 2B0F1C872909F5B50036DB1D /* SecondPageView.swift */; };
		2B0F1C9D2909F5B70036DB1D /* PageRouter.swift in Sources */ = {isa = PBXBuildFile; fileRef = 2B0F1C882909F5B60036DB1D /* PageRouter.swift */; };
/* End PBXBuildFile section */

/* Begin PBXFileReference section */
		2B0F1C512909EE150036DB1D /* Paws.app */ = {isa = PBXFileReference; explicitFileType = wrapper.application; includeInIndex = 0; path = Paws.app; sourceTree = BUILT_PRODUCTS_DIR; };
		2B0F1C542909EE150036DB1D /* PawsApp.swift */ = {isa = PBXFileReference; lastKnownFileType = sourcecode.swift; path = PawsApp.swift; sourceTree = "<group>"; };
		2B0F1C582909EE160036DB1D /* Assets.xcassets */ = {isa = PBXFileReference; lastKnownFileType = folder.assetcatalog; path = Assets.xcassets; sourceTree = "<group>"; };
		2B0F1C5B2909EE160036DB1D /* Preview Assets.xcassets */ = {isa = PBXFileReference; lastKnownFileType = folder.assetcatalog; path = "Preview Assets.xcassets"; sourceTree = "<group>"; };
		2B0F1C692909F5B50036DB1D /* AppViewModel.swift */ = {isa = PBXFileReference; fileEncoding = 4; lastKnownFileType = sourcecode.swift; path = AppViewModel.swift; sourceTree = "<group>"; };
		2B0F1C6B2909F5B50036DB1D /* FocusField.swift */ = {isa = PBXFileReference; fileEncoding = 4; lastKnownFileType = sourcecode.swift; path = FocusField.swift; sourceTree = "<group>"; };
		2B0F1C6D2909F5B50036DB1D /* Color+Custom.swift */ = {isa = PBXFileReference; fileEncoding = 4; lastKnownFileType = sourcecode.swift; path = "Color+Custom.swift"; sourceTree = "<group>"; };
		2B0F1C6F2909F5B50036DB1D /* SecondaryTextView.swift */ = {isa = PBXFileReference; fileEncoding = 4; lastKnownFileType = sourcecode.swift; path = SecondaryTextView.swift; sourceTree = "<group>"; };
		2B0F1C702909F5B50036DB1D /* TextFieldView.swift */ = {isa = PBXFileReference; fileEncoding = 4; lastKnownFileType = sourcecode.swift; path = TextFieldView.swift; sourceTree = "<group>"; };
		2B0F1C712909F5B50036DB1D /* PrimaryTextView.swift */ = {isa = PBXFileReference; fileEncoding = 4; lastKnownFileType = sourcecode.swift; path = PrimaryTextView.swift; sourceTree = "<group>"; };
		2B0F1C722909F5B50036DB1D /* BottomLinkView.swift */ = {isa = PBXFileReference; fileEncoding = 4; lastKnownFileType = sourcecode.swift; path = BottomLinkView.swift; sourceTree = "<group>"; };
		2B0F1C732909F5B50036DB1D /* LogoView.swift */ = {isa = PBXFileReference; fileEncoding = 4; lastKnownFileType = sourcecode.swift; path = LogoView.swift; sourceTree = "<group>"; };
		2B0F1C742909F5B50036DB1D /* SecureFieldView.swift */ = {isa = PBXFileReference; fileEncoding = 4; lastKnownFileType = sourcecode.swift; path = SecureFieldView.swift; sourceTree = "<group>"; };
		2B0F1C752909F5B50036DB1D /* PrimaryButtonView.swift */ = {isa = PBXFileReference; fileEncoding = 4; lastKnownFileType = sourcecode.swift; path = PrimaryButtonView.swift; sourceTree = "<group>"; };
		2B0F1C782909F5B50036DB1D /* HomeScreen.swift */ = {isa = PBXFileReference; fileEncoding = 4; lastKnownFileType = sourcecode.swift; path = HomeScreen.swift; sourceTree = "<group>"; };
		2B0F1C7A2909F5B50036DB1D /* RegisterScreen.swift */ = {isa = PBXFileReference; fileEncoding = 4; lastKnownFileType = sourcecode.swift; path = RegisterScreen.swift; sourceTree = "<group>"; };
		2B0F1C7C2909F5B50036DB1D /* LoginScreen.swift */ = {isa = PBXFileReference; fileEncoding = 4; lastKnownFileType = sourcecode.swift; path = LoginScreen.swift; sourceTree = "<group>"; };
		2B0F1C7F2909F5B50036DB1D /* OnboadingViewModel.swift */ = {isa = PBXFileReference; fileEncoding = 4; lastKnownFileType = sourcecode.swift; path = OnboadingViewModel.swift; sourceTree = "<group>"; };
		2B0F1C812909F5B50036DB1D /* OnboardingScreen.swift */ = {isa = PBXFileReference; fileEncoding = 4; lastKnownFileType = sourcecode.swift; path = OnboardingScreen.swift; sourceTree = "<group>"; };
		2B0F1C822909F5B50036DB1D /* WelcomeScreen.swift */ = {isa = PBXFileReference; fileEncoding = 4; lastKnownFileType = sourcecode.swift; path = WelcomeScreen.swift; sourceTree = "<group>"; };
		2B0F1C842909F5B50036DB1D /* DogView.swift */ = {isa = PBXFileReference; fileEncoding = 4; lastKnownFileType = sourcecode.swift; path = DogView.swift; sourceTree = "<group>"; };
		2B0F1C852909F5B50036DB1D /* ThirdPageView.swift */ = {isa = PBXFileReference; fileEncoding = 4; lastKnownFileType = sourcecode.swift; path = ThirdPageView.swift; sourceTree = "<group>"; };
		2B0F1C862909F5B50036DB1D /* FirstPageView.swift */ = {isa = PBXFileReference; fileEncoding = 4; lastKnownFileType = sourcecode.swift; path = FirstPageView.swift; sourceTree = "<group>"; };
		2B0F1C872909F5B50036DB1D /* SecondPageView.swift */ = {isa = PBXFileReference; fileEncoding = 4; lastKnownFileType = sourcecode.swift; path = SecondPageView.swift; sourceTree = "<group>"; };
		2B0F1C882909F5B60036DB1D /* PageRouter.swift */ = {isa = PBXFileReference; fileEncoding = 4; lastKnownFileType = sourcecode.swift; path = PageRouter.swift; sourceTree = "<group>"; };
		2B0F1C9F2909F8240036DB1D /* README.md */ = {isa = PBXFileReference; lastKnownFileType = net.daringfireball.markdown; path = README.md; sourceTree = "<group>"; };
/* End PBXFileReference section */

/* Begin PBXFrameworksBuildPhase section */
		2B0F1C4E2909EE150036DB1D /* Frameworks */ = {
			isa = PBXFrameworksBuildPhase;
			buildActionMask = 2147483647;
			files = (
			);
			runOnlyForDeploymentPostprocessing = 0;
		};
/* End PBXFrameworksBuildPhase section */

/* Begin PBXGroup section */
		2B0F1C482909EE150036DB1D = {
			isa = PBXGroup;
			children = (
				2B0F1C9F2909F8240036DB1D /* README.md */,
				2B0F1C532909EE150036DB1D /* Paws */,
				2B0F1C522909EE150036DB1D /* Products */,
			);
			sourceTree = "<group>";
		};
		2B0F1C522909EE150036DB1D /* Products */ = {
			isa = PBXGroup;
			children = (
				2B0F1C512909EE150036DB1D /* Paws.app */,
			);
			name = Products;
			sourceTree = "<group>";
		};
		2B0F1C532909EE150036DB1D /* Paws */ = {
			isa = PBXGroup;
			children = (
				2B0F1C672909F5B50036DB1D /* Core */,
				2B0F1C762909F5B50036DB1D /* Features */,
				2B0F1C882909F5B60036DB1D /* PageRouter.swift */,
				2B0F1C542909EE150036DB1D /* PawsApp.swift */,
				2B0F1C582909EE160036DB1D /* Assets.xcassets */,
				2B0F1C5A2909EE160036DB1D /* Preview Content */,
			);
			path = Paws;
			sourceTree = "<group>";
		};
		2B0F1C5A2909EE160036DB1D /* Preview Content */ = {
			isa = PBXGroup;
			children = (
				2B0F1C5B2909EE160036DB1D /* Preview Assets.xcassets */,
			);
			path = "Preview Content";
			sourceTree = "<group>";
		};
		2B0F1C672909F5B50036DB1D /* Core */ = {
			isa = PBXGroup;
			children = (
				2B0F1C682909F5B50036DB1D /* Viewmodels */,
				2B0F1C6A2909F5B50036DB1D /* Models */,
				2B0F1C6C2909F5B50036DB1D /* Extensions */,
				2B0F1C6E2909F5B50036DB1D /* Views */,
			);
			path = Core;
			sourceTree = "<group>";
		};
		2B0F1C682909F5B50036DB1D /* Viewmodels */ = {
			isa = PBXGroup;
			children = (
				2B0F1C692909F5B50036DB1D /* AppViewModel.swift */,
			);
			path = Viewmodels;
			sourceTree = "<group>";
		};
		2B0F1C6A2909F5B50036DB1D /* Models */ = {
			isa = PBXGroup;
			children = (
				2B0F1C6B2909F5B50036DB1D /* FocusField.swift */,
			);
			path = Models;
			sourceTree = "<group>";
		};
		2B0F1C6C2909F5B50036DB1D /* Extensions */ = {
			isa = PBXGroup;
			children = (
				2B0F1C6D2909F5B50036DB1D /* Color+Custom.swift */,
			);
			path = Extensions;
			sourceTree = "<group>";
		};
		2B0F1C6E2909F5B50036DB1D /* Views */ = {
			isa = PBXGroup;
			children = (
				2B0F1C6F2909F5B50036DB1D /* SecondaryTextView.swift */,
				2B0F1C702909F5B50036DB1D /* TextFieldView.swift */,
				2B0F1C712909F5B50036DB1D /* PrimaryTextView.swift */,
				2B0F1C722909F5B50036DB1D /* BottomLinkView.swift */,
				2B0F1C732909F5B50036DB1D /* LogoView.swift */,
				2B0F1C742909F5B50036DB1D /* SecureFieldView.swift */,
				2B0F1C752909F5B50036DB1D /* PrimaryButtonView.swift */,
			);
			path = Views;
			sourceTree = "<group>";
		};
		2B0F1C762909F5B50036DB1D /* Features */ = {
			isa = PBXGroup;
			children = (
				2B0F1C772909F5B50036DB1D /* Home */,
				2B0F1C792909F5B50036DB1D /* Register */,
				2B0F1C7B2909F5B50036DB1D /* Login */,
				2B0F1C7D2909F5B50036DB1D /* Onboarding */,
			);
			path = Features;
			sourceTree = "<group>";
		};
		2B0F1C772909F5B50036DB1D /* Home */ = {
			isa = PBXGroup;
			children = (
				2B0F1C782909F5B50036DB1D /* HomeScreen.swift */,
			);
			path = Home;
			sourceTree = "<group>";
		};
		2B0F1C792909F5B50036DB1D /* Register */ = {
			isa = PBXGroup;
			children = (
				2B0F1C7A2909F5B50036DB1D /* RegisterScreen.swift */,
			);
			path = Register;
			sourceTree = "<group>";
		};
		2B0F1C7B2909F5B50036DB1D /* Login */ = {
			isa = PBXGroup;
			children = (
				2B0F1C7C2909F5B50036DB1D /* LoginScreen.swift */,
			);
			path = Login;
			sourceTree = "<group>";
		};
		2B0F1C7D2909F5B50036DB1D /* Onboarding */ = {
			isa = PBXGroup;
			children = (
				2B0F1C7E2909F5B50036DB1D /* Viewmodels */,
				2B0F1C802909F5B50036DB1D /* Screens */,
				2B0F1C832909F5B50036DB1D /* Views */,
			);
			path = Onboarding;
			sourceTree = "<group>";
		};
		2B0F1C7E2909F5B50036DB1D /* Viewmodels */ = {
			isa = PBXGroup;
			children = (
				2B0F1C7F2909F5B50036DB1D /* OnboadingViewModel.swift */,
			);
			path = Viewmodels;
			sourceTree = "<group>";
		};
		2B0F1C802909F5B50036DB1D /* Screens */ = {
			isa = PBXGroup;
			children = (
				2B0F1C812909F5B50036DB1D /* OnboardingScreen.swift */,
				2B0F1C822909F5B50036DB1D /* WelcomeScreen.swift */,
			);
			path = Screens;
			sourceTree = "<group>";
		};
		2B0F1C832909F5B50036DB1D /* Views */ = {
			isa = PBXGroup;
			children = (
				2B0F1C842909F5B50036DB1D /* DogView.swift */,
				2B0F1C852909F5B50036DB1D /* ThirdPageView.swift */,
				2B0F1C862909F5B50036DB1D /* FirstPageView.swift */,
				2B0F1C872909F5B50036DB1D /* SecondPageView.swift */,
			);
			path = Views;
			sourceTree = "<group>";
		};
/* End PBXGroup section */

/* Begin PBXNativeTarget section */
		2B0F1C502909EE150036DB1D /* Paws */ = {
			isa = PBXNativeTarget;
			buildConfigurationList = 2B0F1C5F2909EE160036DB1D /* Build configuration list for PBXNativeTarget "Paws" */;
			buildPhases = (
				2B0F1C4D2909EE150036DB1D /* Sources */,
				2B0F1C4E2909EE150036DB1D /* Frameworks */,
				2B0F1C4F2909EE150036DB1D /* Resources */,
			);
			buildRules = (
			);
			dependencies = (
			);
			name = Paws;
			productName = Paws;
			productReference = 2B0F1C512909EE150036DB1D /* Paws.app */;
			productType = "com.apple.product-type.application";
		};
/* End PBXNativeTarget section */

/* Begin PBXProject section */
		2B0F1C492909EE150036DB1D /* Project object */ = {
			isa = PBXProject;
			attributes = {
				BuildIndependentTargetsInParallel = 1;
				LastSwiftUpdateCheck = 1400;
				LastUpgradeCheck = 1400;
				TargetAttributes = {
					2B0F1C502909EE150036DB1D = {
						CreatedOnToolsVersion = 14.0.1;
					};
				};
			};
			buildConfigurationList = 2B0F1C4C2909EE150036DB1D /* Build configuration list for PBXProject "Paws" */;
			compatibilityVersion = "Xcode 14.0";
			developmentRegion = en;
			hasScannedForEncodings = 0;
			knownRegions = (
				en,
				Base,
			);
			mainGroup = 2B0F1C482909EE150036DB1D;
			productRefGroup = 2B0F1C522909EE150036DB1D /* Products */;
			projectDirPath = "";
			projectRoot = "";
			targets = (
				2B0F1C502909EE150036DB1D /* Paws */,
			);
		};
/* End PBXProject section */

/* Begin PBXResourcesBuildPhase section */
		2B0F1C4F2909EE150036DB1D /* Resources */ = {
			isa = PBXResourcesBuildPhase;
			buildActionMask = 2147483647;
			files = (
				2B0F1C5C2909EE160036DB1D /* Preview Assets.xcassets in Resources */,
				2B0F1C592909EE160036DB1D /* Assets.xcassets in Resources */,
			);
			runOnlyForDeploymentPostprocessing = 0;
		};
/* End PBXResourcesBuildPhase section */

/* Begin PBXSourcesBuildPhase section */
		2B0F1C4D2909EE150036DB1D /* Sources */ = {
			isa = PBXSourcesBuildPhase;
			buildActionMask = 2147483647;
			files = (
				2B0F1C962909F5B70036DB1D /* OnboadingViewModel.swift in Sources */,
				2B0F1C8C2909F5B70036DB1D /* SecondaryTextView.swift in Sources */,
				2B0F1C912909F5B70036DB1D /* SecureFieldView.swift in Sources */,
				2B0F1C972909F5B70036DB1D /* OnboardingScreen.swift in Sources */,
				2B0F1C8D2909F5B70036DB1D /* TextFieldView.swift in Sources */,
				2B0F1C9A2909F5B70036DB1D /* ThirdPageView.swift in Sources */,
				2B0F1C8B2909F5B70036DB1D /* Color+Custom.swift in Sources */,
				2B0F1C9B2909F5B70036DB1D /* FirstPageView.swift in Sources */,
				2B0F1C922909F5B70036DB1D /* PrimaryButtonView.swift in Sources */,
				2B0F1C932909F5B70036DB1D /* HomeScreen.swift in Sources */,
				2B0F1C8E2909F5B70036DB1D /* PrimaryTextView.swift in Sources */,
				2B0F1C902909F5B70036DB1D /* LogoView.swift in Sources */,
				2B0F1C552909EE150036DB1D /* PawsApp.swift in Sources */,
				2B0F1C982909F5B70036DB1D /* WelcomeScreen.swift in Sources */,
				2B0F1C9C2909F5B70036DB1D /* SecondPageView.swift in Sources */,
				2B0F1C942909F5B70036DB1D /* RegisterScreen.swift in Sources */,
				2B0F1C992909F5B70036DB1D /* DogView.swift in Sources */,
				2B0F1C9D2909F5B70036DB1D /* PageRouter.swift in Sources */,
				2B0F1C8F2909F5B70036DB1D /* BottomLinkView.swift in Sources */,
				2B0F1C892909F5B70036DB1D /* AppViewModel.swift in Sources */,
				2B0F1C8A2909F5B70036DB1D /* FocusField.swift in Sources */,
				2B0F1C952909F5B70036DB1D /* LoginScreen.swift in Sources */,
			);
			runOnlyForDeploymentPostprocessing = 0;
		};
/* End PBXSourcesBuildPhase section */

/* Begin XCBuildConfiguration section */
		2B0F1C5D2909EE160036DB1D /* Debug */ = {
			isa = XCBuildConfiguration;
			buildSettings = {
				ALWAYS_SEARCH_USER_PATHS = NO;
				CLANG_ANALYZER_NONNULL = YES;
				CLANG_ANALYZER_NUMBER_OBJECT_CONVERSION = YES_AGGRESSIVE;
				CLANG_CXX_LANGUAGE_STANDARD = "gnu++20";
				CLANG_ENABLE_MODULES = YES;
				CLANG_ENABLE_OBJC_ARC = YES;
				CLANG_ENABLE_OBJC_WEAK = YES;
				CLANG_WARN_BLOCK_CAPTURE_AUTORELEASING = YES;
				CLANG_WARN_BOOL_CONVERSION = YES;
				CLANG_WARN_COMMA = YES;
				CLANG_WARN_CONSTANT_CONVERSION = YES;
				CLANG_WARN_DEPRECATED_OBJC_IMPLEMENTATIONS = YES;
				CLANG_WARN_DIRECT_OBJC_ISA_USAGE = YES_ERROR;
				CLANG_WARN_DOCUMENTATION_COMMENTS = YES;
				CLANG_WARN_EMPTY_BODY = YES;
				CLANG_WARN_ENUM_CONVERSION = YES;
				CLANG_WARN_INFINITE_RECURSION = YES;
				CLANG_WARN_INT_CONVERSION = YES;
				CLANG_WARN_NON_LITERAL_NULL_CONVERSION = YES;
				CLANG_WARN_OBJC_IMPLICIT_RETAIN_SELF = YES;
				CLANG_WARN_OBJC_LITERAL_CONVERSION = YES;
				CLANG_WARN_OBJC_ROOT_CLASS = YES_ERROR;
				CLANG_WARN_QUOTED_INCLUDE_IN_FRAMEWORK_HEADER = YES;
				CLANG_WARN_RANGE_LOOP_ANALYSIS = YES;
				CLANG_WARN_STRICT_PROTOTYPES = YES;
				CLANG_WARN_SUSPICIOUS_MOVE = YES;
				CLANG_WARN_UNGUARDED_AVAILABILITY = YES_AGGRESSIVE;
				CLANG_WARN_UNREACHABLE_CODE = YES;
				CLANG_WARN__DUPLICATE_METHOD_MATCH = YES;
				COPY_PHASE_STRIP = NO;
				DEBUG_INFORMATION_FORMAT = dwarf;
				ENABLE_STRICT_OBJC_MSGSEND = YES;
				ENABLE_TESTABILITY = YES;
				GCC_C_LANGUAGE_STANDARD = gnu11;
				GCC_DYNAMIC_NO_PIC = NO;
				GCC_NO_COMMON_BLOCKS = YES;
				GCC_OPTIMIZATION_LEVEL = 0;
				GCC_PREPROCESSOR_DEFINITIONS = (
					"DEBUG=1",
					"$(inherited)",
				);
				GCC_WARN_64_TO_32_BIT_CONVERSION = YES;
				GCC_WARN_ABOUT_RETURN_TYPE = YES_ERROR;
				GCC_WARN_UNDECLARED_SELECTOR = YES;
				GCC_WARN_UNINITIALIZED_AUTOS = YES_AGGRESSIVE;
				GCC_WARN_UNUSED_FUNCTION = YES;
				GCC_WARN_UNUSED_VARIABLE = YES;
				IPHONEOS_DEPLOYMENT_TARGET = 16.0;
				MTL_ENABLE_DEBUG_INFO = INCLUDE_SOURCE;
				MTL_FAST_MATH = YES;
				ONLY_ACTIVE_ARCH = YES;
				SDKROOT = iphoneos;
				SWIFT_ACTIVE_COMPILATION_CONDITIONS = DEBUG;
				SWIFT_OPTIMIZATION_LEVEL = "-Onone";
			};
			name = Debug;
		};
		2B0F1C5E2909EE160036DB1D /* Release */ = {
			isa = XCBuildConfiguration;
			buildSettings = {
				ALWAYS_SEARCH_USER_PATHS = NO;
				CLANG_ANALYZER_NONNULL = YES;
				CLANG_ANALYZER_NUMBER_OBJECT_CONVERSION = YES_AGGRESSIVE;
				CLANG_CXX_LANGUAGE_STANDARD = "gnu++20";
				CLANG_ENABLE_MODULES = YES;
				CLANG_ENABLE_OBJC_ARC = YES;
				CLANG_ENABLE_OBJC_WEAK = YES;
				CLANG_WARN_BLOCK_CAPTURE_AUTORELEASING = YES;
				CLANG_WARN_BOOL_CONVERSION = YES;
				CLANG_WARN_COMMA = YES;
				CLANG_WARN_CONSTANT_CONVERSION = YES;
				CLANG_WARN_DEPRECATED_OBJC_IMPLEMENTATIONS = YES;
				CLANG_WARN_DIRECT_OBJC_ISA_USAGE = YES_ERROR;
				CLANG_WARN_DOCUMENTATION_COMMENTS = YES;
				CLANG_WARN_EMPTY_BODY = YES;
				CLANG_WARN_ENUM_CONVERSION = YES;
				CLANG_WARN_INFINITE_RECURSION = YES;
				CLANG_WARN_INT_CONVERSION = YES;
				CLANG_WARN_NON_LITERAL_NULL_CONVERSION = YES;
				CLANG_WARN_OBJC_IMPLICIT_RETAIN_SELF = YES;
				CLANG_WARN_OBJC_LITERAL_CONVERSION = YES;
				CLANG_WARN_OBJC_ROOT_CLASS = YES_ERROR;
				CLANG_WARN_QUOTED_INCLUDE_IN_FRAMEWORK_HEADER = YES;
				CLANG_WARN_RANGE_LOOP_ANALYSIS = YES;
				CLANG_WARN_STRICT_PROTOTYPES = YES;
				CLANG_WARN_SUSPICIOUS_MOVE = YES;
				CLANG_WARN_UNGUARDED_AVAILABILITY = YES_AGGRESSIVE;
				CLANG_WARN_UNREACHABLE_CODE = YES;
				CLANG_WARN__DUPLICATE_METHOD_MATCH = YES;
				COPY_PHASE_STRIP = NO;
				DEBUG_INFORMATION_FORMAT = "dwarf-with-dsym";
				ENABLE_NS_ASSERTIONS = NO;
				ENABLE_STRICT_OBJC_MSGSEND = YES;
				GCC_C_LANGUAGE_STANDARD = gnu11;
				GCC_NO_COMMON_BLOCKS = YES;
				GCC_WARN_64_TO_32_BIT_CONVERSION = YES;
				GCC_WARN_ABOUT_RETURN_TYPE = YES_ERROR;
				GCC_WARN_UNDECLARED_SELECTOR = YES;
				GCC_WARN_UNINITIALIZED_AUTOS = YES_AGGRESSIVE;
				GCC_WARN_UNUSED_FUNCTION = YES;
				GCC_WARN_UNUSED_VARIABLE = YES;
				IPHONEOS_DEPLOYMENT_TARGET = 16.0;
				MTL_ENABLE_DEBUG_INFO = NO;
				MTL_FAST_MATH = YES;
				SDKROOT = iphoneos;
				SWIFT_COMPILATION_MODE = wholemodule;
				SWIFT_OPTIMIZATION_LEVEL = "-O";
				VALIDATE_PRODUCT = YES;
			};
			name = Release;
		};
		2B0F1C602909EE160036DB1D /* Debug */ = {
			isa = XCBuildConfiguration;
			buildSettings = {
				ASSETCATALOG_COMPILER_APPICON_NAME = AppIcon;
				ASSETCATALOG_COMPILER_GLOBAL_ACCENT_COLOR_NAME = AccentColor;
				CODE_SIGN_STYLE = Automatic;
				CURRENT_PROJECT_VERSION = 1;
				DEVELOPMENT_ASSET_PATHS = "\"Paws/Preview Content\"";
				DEVELOPMENT_TEAM = DNFRJ94257;
				ENABLE_PREVIEWS = YES;
				GENERATE_INFOPLIST_FILE = YES;
				INFOPLIST_KEY_UIApplicationSceneManifest_Generation = YES;
				INFOPLIST_KEY_UIApplicationSupportsIndirectInputEvents = YES;
				INFOPLIST_KEY_UILaunchScreen_Generation = YES;
				INFOPLIST_KEY_UISupportedInterfaceOrientations_iPad = "UIInterfaceOrientationPortrait UIInterfaceOrientationPortraitUpsideDown UIInterfaceOrientationLandscapeLeft UIInterfaceOrientationLandscapeRight";
				INFOPLIST_KEY_UISupportedInterfaceOrientations_iPhone = "UIInterfaceOrientationPortrait UIInterfaceOrientationLandscapeLeft UIInterfaceOrientationLandscapeRight";
				LD_RUNPATH_SEARCH_PATHS = (
					"$(inherited)",
					"@executable_path/Frameworks",
				);
				MARKETING_VERSION = 1.0;
				PRODUCT_BUNDLE_IDENTIFIER = com.roshpinatech.Paws;
				PRODUCT_NAME = "$(TARGET_NAME)";
				SWIFT_EMIT_LOC_STRINGS = YES;
				SWIFT_VERSION = 5.0;
				TARGETED_DEVICE_FAMILY = "1,2";
			};
			name = Debug;
		};
		2B0F1C612909EE160036DB1D /* Release */ = {
			isa = XCBuildConfiguration;
			buildSettings = {
				ASSETCATALOG_COMPILER_APPICON_NAME = AppIcon;
				ASSETCATALOG_COMPILER_GLOBAL_ACCENT_COLOR_NAME = AccentColor;
				CODE_SIGN_STYLE = Automatic;
				CURRENT_PROJECT_VERSION = 1;
				DEVELOPMENT_ASSET_PATHS = "\"Paws/Preview Content\"";
				DEVELOPMENT_TEAM = DNFRJ94257;
				ENABLE_PREVIEWS = YES;
				GENERATE_INFOPLIST_FILE = YES;
				INFOPLIST_KEY_UIApplicationSceneManifest_Generation = YES;
				INFOPLIST_KEY_UIApplicationSupportsIndirectInputEvents = YES;
				INFOPLIST_KEY_UILaunchScreen_Generation = YES;
				INFOPLIST_KEY_UISupportedInterfaceOrientations_iPad = "UIInterfaceOrientationPortrait UIInterfaceOrientationPortraitUpsideDown UIInterfaceOrientationLandscapeLeft UIInterfaceOrientationLandscapeRight";
				INFOPLIST_KEY_UISupportedInterfaceOrientations_iPhone = "UIInterfaceOrientationPortrait UIInterfaceOrientationLandscapeLeft UIInterfaceOrientationLandscapeRight";
				LD_RUNPATH_SEARCH_PATHS = (
					"$(inherited)",
					"@executable_path/Frameworks",
				);
				MARKETING_VERSION = 1.0;
				PRODUCT_BUNDLE_IDENTIFIER = com.roshpinatech.Paws;
				PRODUCT_NAME = "$(TARGET_NAME)";
				SWIFT_EMIT_LOC_STRINGS = YES;
				SWIFT_VERSION = 5.0;
				TARGETED_DEVICE_FAMILY = "1,2";
			};
			name = Release;
		};
/* End XCBuildConfiguration section */

/* Begin XCConfigurationList section */
		2B0F1C4C2909EE150036DB1D /* Build configuration list for PBXProject "Paws" */ = {
			isa = XCConfigurationList;
			buildConfigurations = (
				2B0F1C5D2909EE160036DB1D /* Debug */,
				2B0F1C5E2909EE160036DB1D /* Release */,
			);
			defaultConfigurationIsVisible = 0;
			defaultConfigurationName = Release;
		};
		2B0F1C5F2909EE160036DB1D /* Build configuration list for PBXNativeTarget "Paws" */ = {
			isa = XCConfigurationList;
			buildConfigurations = (
				2B0F1C602909EE160036DB1D /* Debug */,
				2B0F1C612909EE160036DB1D /* Release */,
			);
			defaultConfigurationIsVisible = 0;
			defaultConfigurationName = Release;
		};
/* End XCConfigurationList section */
	};
	rootObject = 2B0F1C492909EE150036DB1D /* Project object */;
}
